// !$*UTF8*$!
{
	archiveVersion = 1;
	classes = {
	};
	objectVersion = 46;
	objects = {

/* Begin PBXBuildFile section */
		045391A51E2F653F00AF2259 /* main.m in Sources */ = {isa = PBXBuildFile; fileRef = 045391A41E2F653F00AF2259 /* main.m */; };
		045391A81E2F653F00AF2259 /* AppDelegate.m in Sources */ = {isa = PBXBuildFile; fileRef = 045391A71E2F653F00AF2259 /* AppDelegate.m */; };
		045391AB1E2F653F00AF2259 /* ViewController.m in Sources */ = {isa = PBXBuildFile; fileRef = 045391AA1E2F653F00AF2259 /* ViewController.m */; };
		045391AE1E2F654000AF2259 /* Main.storyboard in Resources */ = {isa = PBXBuildFile; fileRef = 045391AC1E2F654000AF2259 /* Main.storyboard */; };
		045391B01E2F654000AF2259 /* Assets.xcassets in Resources */ = {isa = PBXBuildFile; fileRef = 045391AF1E2F654000AF2259 /* Assets.xcassets */; };
		045391B31E2F654000AF2259 /* LaunchScreen.storyboard in Resources */ = {isa = PBXBuildFile; fileRef = 045391B11E2F654000AF2259 /* LaunchScreen.storyboard */; };
		045391BE1E2F654000AF2259 /* testXcodeTests.m in Sources */ = {isa = PBXBuildFile; fileRef = 045391BD1E2F654000AF2259 /* testXcodeTests.m */; };
		045391C91E2F654000AF2259 /* testXcodeUITests.m in Sources */ = {isa = PBXBuildFile; fileRef = 045391C81E2F654000AF2259 /* testXcodeUITests.m */; };
/* End PBXBuildFile section */

/* Begin PBXContainerItemProxy section */
		045391BA1E2F654000AF2259 /* PBXContainerItemProxy */ = {
			isa = PBXContainerItemProxy;
			containerPortal = 045391981E2F653F00AF2259 /* Project object */;
			proxyType = 1;
			remoteGlobalIDString = 0453919F1E2F653F00AF2259;
			remoteInfo = testXcode;
		};
		045391C51E2F654000AF2259 /* PBXContainerItemProxy */ = {
			isa = PBXContainerItemProxy;
			containerPortal = 045391981E2F653F00AF2259 /* Project object */;
			proxyType = 1;
			remoteGlobalIDString = 0453919F1E2F653F00AF2259;
			remoteInfo = testXcode;
		};
/* End PBXContainerItemProxy section */

/* Begin PBXFileReference section */
		045391A01E2F653F00AF2259 /* testXcode.app */ = {isa = PBXFileReference; explicitFileType = wrapper.application; includeInIndex = 0; path = testXcode.app; sourceTree = BUILT_PRODUCTS_DIR; };
		045391A41E2F653F00AF2259 /* main.m */ = {isa = PBXFileReference; lastKnownFileType = sourcecode.c.objc; path = main.m; sourceTree = "<group>"; };
		045391A61E2F653F00AF2259 /* AppDelegate.h */ = {isa = PBXFileReference; lastKnownFileType = sourcecode.c.h; path = AppDelegate.h; sourceTree = "<group>"; };
		045391A71E2F653F00AF2259 /* AppDelegate.m */ = {isa = PBXFileReference; lastKnownFileType = sourcecode.c.objc; path = AppDelegate.m; sourceTree = "<group>"; };
		045391A91E2F653F00AF2259 /* ViewController.h */ = {isa = PBXFileReference; lastKnownFileType = sourcecode.c.h; path = ViewController.h; sourceTree = "<group>"; };
		045391AA1E2F653F00AF2259 /* ViewController.m */ = {isa = PBXFileReference; lastKnownFileType = sourcecode.c.objc; path = ViewController.m; sourceTree = "<group>"; };
		045391AD1E2F654000AF2259 /* Base */ = {isa = PBXFileReference; lastKnownFileType = file.storyboard; name = Base; path = Base.lproj/Main.storyboard; sourceTree = "<group>"; };
		045391AF1E2F654000AF2259 /* Assets.xcassets */ = {isa = PBXFileReference; lastKnownFileType = folder.assetcatalog; path = Assets.xcassets; sourceTree = "<group>"; };
		045391B21E2F654000AF2259 /* Base */ = {isa = PBXFileReference; lastKnownFileType = file.storyboard; name = Base; path = Base.lproj/LaunchScreen.storyboard; sourceTree = "<group>"; };
		045391B41E2F654000AF2259 /* Info.plist */ = {isa = PBXFileReference; lastKnownFileType = text.plist.xml; path = Info.plist; sourceTree = "<group>"; };
		045391B91E2F654000AF2259 /* testXcodeTests.xctest */ = {isa = PBXFileReference; explicitFileType = wrapper.cfbundle; includeInIndex = 0; path = testXcodeTests.xctest; sourceTree = BUILT_PRODUCTS_DIR; };
		045391BD1E2F654000AF2259 /* testXcodeTests.m */ = {isa = PBXFileReference; lastKnownFileType = sourcecode.c.objc; path = testXcodeTests.m; sourceTree = "<group>"; };
		045391BF1E2F654000AF2259 /* Info.plist */ = {isa = PBXFileReference; lastKnownFileType = text.plist.xml; path = Info.plist; sourceTree = "<group>"; };
		045391C41E2F654000AF2259 /* testXcodeUITests.xctest */ = {isa = PBXFileReference; explicitFileType = wrapper.cfbundle; includeInIndex = 0; path = testXcodeUITests.xctest; sourceTree = BUILT_PRODUCTS_DIR; };
		045391C81E2F654000AF2259 /* testXcodeUITests.m */ = {isa = PBXFileReference; lastKnownFileType = sourcecode.c.objc; path = testXcodeUITests.m; sourceTree = "<group>"; };
		045391CA1E2F654000AF2259 /* Info.plist */ = {isa = PBXFileReference; lastKnownFileType = text.plist.xml; path = Info.plist; sourceTree = "<group>"; };
/* End PBXFileReference section */

/* Begin PBXFrameworksBuildPhase section */
		0453919D1E2F653F00AF2259 /* Frameworks */ = {
			isa = PBXFrameworksBuildPhase;
			buildActionMask = 2147483647;
			files = (
			);
			runOnlyForDeploymentPostprocessing = 0;
		};
		045391B61E2F654000AF2259 /* Frameworks */ = {
			isa = PBXFrameworksBuildPhase;
			buildActionMask = 2147483647;
			files = (
			);
			runOnlyForDeploymentPostprocessing = 0;
		};
		045391C11E2F654000AF2259 /* Frameworks */ = {
			isa = PBXFrameworksBuildPhase;
			buildActionMask = 2147483647;
			files = (
			);
			runOnlyForDeploymentPostprocessing = 0;
		};
/* End PBXFrameworksBuildPhase section */

/* Begin PBXGroup section */
		045391971E2F653F00AF2259 = {
			isa = PBXGroup;
			children = (
				045391A21E2F653F00AF2259 /* testXcode */,
				045391BC1E2F654000AF2259 /* testXcodeTests */,
				045391C71E2F654000AF2259 /* testXcodeUITests */,
				045391A11E2F653F00AF2259 /* Products */,
			);
			sourceTree = "<group>";
		};
		045391A11E2F653F00AF2259 /* Products */ = {
			isa = PBXGroup;
			children = (
				045391A01E2F653F00AF2259 /* testXcode.app */,
				045391B91E2F654000AF2259 /* testXcodeTests.xctest */,
				045391C41E2F654000AF2259 /* testXcodeUITests.xctest */,
			);
			name = Products;
			sourceTree = "<group>";
		};
		045391A21E2F653F00AF2259 /* testXcode */ = {
			isa = PBXGroup;
			children = (
				045391A61E2F653F00AF2259 /* AppDelegate.h */,
				045391A71E2F653F00AF2259 /* AppDelegate.m */,
				045391A91E2F653F00AF2259 /* ViewController.h */,
				045391AA1E2F653F00AF2259 /* ViewController.m */,
				045391AC1E2F654000AF2259 /* Main.storyboard */,
				045391AF1E2F654000AF2259 /* Assets.xcassets */,
				045391B11E2F654000AF2259 /* LaunchScreen.storyboard */,
				045391B41E2F654000AF2259 /* Info.plist */,
				045391A31E2F653F00AF2259 /* Supporting Files */,
			);
			path = testXcode;
			sourceTree = "<group>";
		};
		045391A31E2F653F00AF2259 /* Supporting Files */ = {
			isa = PBXGroup;
			children = (
				045391A41E2F653F00AF2259 /* main.m */,
			);
			name = "Supporting Files";
			sourceTree = "<group>";
		};
		045391BC1E2F654000AF2259 /* testXcodeTests */ = {
			isa = PBXGroup;
			children = (
				045391BD1E2F654000AF2259 /* testXcodeTests.m */,
				045391BF1E2F654000AF2259 /* Info.plist */,
			);
			path = testXcodeTests;
			sourceTree = "<group>";
		};
		045391C71E2F654000AF2259 /* testXcodeUITests */ = {
			isa = PBXGroup;
			children = (
				045391C81E2F654000AF2259 /* testXcodeUITests.m */,
				045391CA1E2F654000AF2259 /* Info.plist */,
			);
			path = testXcodeUITests;
			sourceTree = "<group>";
		};
/* End PBXGroup section */

/* Begin PBXNativeTarget section */
		0453919F1E2F653F00AF2259 /* testXcode */ = {
			isa = PBXNativeTarget;
			buildConfigurationList = 045391CD1E2F654000AF2259 /* Build configuration list for PBXNativeTarget "testXcode" */;
			buildPhases = (
				0453919C1E2F653F00AF2259 /* Sources */,
				0453919D1E2F653F00AF2259 /* Frameworks */,
				0453919E1E2F653F00AF2259 /* Resources */,
			);
			buildRules = (
			);
			dependencies = (
			);
			name = testXcode;
			productName = testXcode;
			productReference = 045391A01E2F653F00AF2259 /* testXcode.app */;
			productType = "com.apple.product-type.application";
		};
		045391B81E2F654000AF2259 /* testXcodeTests */ = {
			isa = PBXNativeTarget;
			buildConfigurationList = 045391D01E2F654000AF2259 /* Build configuration list for PBXNativeTarget "testXcodeTests" */;
			buildPhases = (
				045391B51E2F654000AF2259 /* Sources */,
				045391B61E2F654000AF2259 /* Frameworks */,
				045391B71E2F654000AF2259 /* Resources */,
			);
			buildRules = (
			);
			dependencies = (
				045391BB1E2F654000AF2259 /* PBXTargetDependency */,
			);
			name = testXcodeTests;
			productName = testXcodeTests;
			productReference = 045391B91E2F654000AF2259 /* testXcodeTests.xctest */;
			productType = "com.apple.product-type.bundle.unit-test";
		};
		045391C31E2F654000AF2259 /* testXcodeUITests */ = {
			isa = PBXNativeTarget;
			buildConfigurationList = 045391D31E2F654000AF2259 /* Build configuration list for PBXNativeTarget "testXcodeUITests" */;
			buildPhases = (
				045391C01E2F654000AF2259 /* Sources */,
				045391C11E2F654000AF2259 /* Frameworks */,
				045391C21E2F654000AF2259 /* Resources */,
			);
			buildRules = (
			);
			dependencies = (
				045391C61E2F654000AF2259 /* PBXTargetDependency */,
			);
			name = testXcodeUITests;
			productName = testXcodeUITests;
			productReference = 045391C41E2F654000AF2259 /* testXcodeUITests.xctest */;
			productType = "com.apple.product-type.bundle.ui-testing";
		};
/* End PBXNativeTarget section */

/* Begin PBXProject section */
		045391981E2F653F00AF2259 /* Project object */ = {
			isa = PBXProject;
			attributes = {
				LastUpgradeCheck = 0820;
				ORGANIZATIONNAME = Mac;
				TargetAttributes = {
					0453919F1E2F653F00AF2259 = {
						CreatedOnToolsVersion = 8.2.1;
						ProvisioningStyle = Automatic;
					};
					045391B81E2F654000AF2259 = {
						CreatedOnToolsVersion = 8.2.1;
						ProvisioningStyle = Automatic;
						TestTargetID = 0453919F1E2F653F00AF2259;
					};
					045391C31E2F654000AF2259 = {
						CreatedOnToolsVersion = 8.2.1;
						ProvisioningStyle = Automatic;
						TestTargetID = 0453919F1E2F653F00AF2259;
					};
				};
			};
			buildConfigurationList = 0453919B1E2F653F00AF2259 /* Build configuration list for PBXProject "testXcode" */;
			compatibilityVersion = "Xcode 3.2";
			developmentRegion = English;
			hasScannedForEncodings = 0;
			knownRegions = (
				en,
				Base,
			);
			mainGroup = 045391971E2F653F00AF2259;
			productRefGroup = 045391A11E2F653F00AF2259 /* Products */;
			projectDirPath = "";
			projectRoot = "";
			targets = (
				0453919F1E2F653F00AF2259 /* testXcode */,
				045391B81E2F654000AF2259 /* testXcodeTests */,
				045391C31E2F654000AF2259 /* testXcodeUITests */,
			);
		};
/* End PBXProject section */

/* Begin PBXResourcesBuildPhase section */
		0453919E1E2F653F00AF2259 /* Resources */ = {
			isa = PBXResourcesBuildPhase;
			buildActionMask = 2147483647;
			files = (
				045391B31E2F654000AF2259 /* LaunchScreen.storyboard in Resources */,
				045391B01E2F654000AF2259 /* Assets.xcassets in Resources */,
				045391AE1E2F654000AF2259 /* Main.storyboard in Resources */,
			);
			runOnlyForDeploymentPostprocessing = 0;
		};
		045391B71E2F654000AF2259 /* Resources */ = {
			isa = PBXResourcesBuildPhase;
			buildActionMask = 2147483647;
			files = (
			);
			runOnlyForDeploymentPostprocessing = 0;
		};
		045391C21E2F654000AF2259 /* Resources */ = {
			isa = PBXResourcesBuildPhase;
			buildActionMask = 2147483647;
			files = (
			);
			runOnlyForDeploymentPostprocessing = 0;
		};
/* End PBXResourcesBuildPhase section */

/* Begin PBXSourcesBuildPhase section */
		0453919C1E2F653F00AF2259 /* Sources */ = {
			isa = PBXSourcesBuildPhase;
			buildActionMask = 2147483647;
			files = (
				045391AB1E2F653F00AF2259 /* ViewController.m in Sources */,
				045391A81E2F653F00AF2259 /* AppDelegate.m in Sources */,
				045391A51E2F653F00AF2259 /* main.m in Sources */,
			);
			runOnlyForDeploymentPostprocessing = 0;
		};
		045391B51E2F654000AF2259 /* Sources */ = {
			isa = PBXSourcesBuildPhase;
			buildActionMask = 2147483647;
			files = (
				045391BE1E2F654000AF2259 /* testXcodeTests.m in Sources */,
			);
			runOnlyForDeploymentPostprocessing = 0;
		};
		045391C01E2F654000AF2259 /* Sources */ = {
			isa = PBXSourcesBuildPhase;
			buildActionMask = 2147483647;
			files = (
				045391C91E2F654000AF2259 /* testXcodeUITests.m in Sources */,
			);
			runOnlyForDeploymentPostprocessing = 0;
		};
/* End PBXSourcesBuildPhase section */

/* Begin PBXTargetDependency section */
		045391BB1E2F654000AF2259 /* PBXTargetDependency */ = {
			isa = PBXTargetDependency;
			target = 0453919F1E2F653F00AF2259 /* testXcode */;
			targetProxy = 045391BA1E2F654000AF2259 /* PBXContainerItemProxy */;
		};
		045391C61E2F654000AF2259 /* PBXTargetDependency */ = {
			isa = PBXTargetDependency;
			target = 0453919F1E2F653F00AF2259 /* testXcode */;
			targetProxy = 045391C51E2F654000AF2259 /* PBXContainerItemProxy */;
		};
/* End PBXTargetDependency section */

/* Begin PBXVariantGroup section */
		045391AC1E2F654000AF2259 /* Main.storyboard */ = {
			isa = PBXVariantGroup;
			children = (
				045391AD1E2F654000AF2259 /* Base */,
			);
			name = Main.storyboard;
			sourceTree = "<group>";
		};
		045391B11E2F654000AF2259 /* LaunchScreen.storyboard */ = {
			isa = PBXVariantGroup;
			children = (
				045391B21E2F654000AF2259 /* Base */,
			);
			name = LaunchScreen.storyboard;
			sourceTree = "<group>";
		};
/* End PBXVariantGroup section */

/* Begin XCBuildConfiguration section */
		045391CB1E2F654000AF2259 /* Debug */ = {
			isa = XCBuildConfiguration;
			buildSettings = {
				ALWAYS_SEARCH_USER_PATHS = NO;
				CLANG_ANALYZER_NONNULL = YES;
				CLANG_CXX_LANGUAGE_STANDARD = "gnu++0x";
				CLANG_CXX_LIBRARY = "libc++";
				CLANG_ENABLE_MODULES = YES;
				CLANG_ENABLE_OBJC_ARC = YES;
				CLANG_WARN_BOOL_CONVERSION = YES;
				CLANG_WARN_CONSTANT_CONVERSION = YES;
				CLANG_WARN_DIRECT_OBJC_ISA_USAGE = YES_ERROR;
				CLANG_WARN_DOCUMENTATION_COMMENTS = YES;
				CLANG_WARN_EMPTY_BODY = YES;
				CLANG_WARN_ENUM_CONVERSION = YES;
				CLANG_WARN_INFINITE_RECURSION = YES;
				CLANG_WARN_INT_CONVERSION = YES;
				CLANG_WARN_OBJC_ROOT_CLASS = YES_ERROR;
				CLANG_WARN_SUSPICIOUS_MOVE = YES;
				CLANG_WARN_UNREACHABLE_CODE = YES;
				CLANG_WARN__DUPLICATE_METHOD_MATCH = YES;
				"CODE_SIGN_IDENTITY[sdk=iphoneos*]" = "iPhone Developer";
				COPY_PHASE_STRIP = NO;
				DEBUG_INFORMATION_FORMAT = dwarf;
				ENABLE_STRICT_OBJC_MSGSEND = YES;
				ENABLE_TESTABILITY = YES;
				GCC_C_LANGUAGE_STANDARD = gnu99;
				GCC_DYNAMIC_NO_PIC = NO;
				GCC_NO_COMMON_BLOCKS = YES;
				GCC_OPTIMIZATION_LEVEL = 0;
				GCC_PREPROCESSOR_DEFINITIONS = (
					"DEBUG=1",
					"$(inherited)",
				);
				GCC_WARN_64_TO_32_BIT_CONVERSION = YES;
				GCC_WARN_ABOUT_RETURN_TYPE = YES_ERROR;
				GCC_WARN_UNDECLARED_SELECTOR = YES;
				GCC_WARN_UNINITIALIZED_AUTOS = YES_AGGRESSIVE;
				GCC_WARN_UNUSED_FUNCTION = YES;
				GCC_WARN_UNUSED_VARIABLE = YES;
				IPHONEOS_DEPLOYMENT_TARGET = 10.2;
				MTL_ENABLE_DEBUG_INFO = YES;
				ONLY_ACTIVE_ARCH = YES;
				SDKROOT = iphoneos;
			};
			name = Debug;
		};
		045391CC1E2F654000AF2259 /* Release */ = {
			isa = XCBuildConfiguration;
			buildSettings = {
				ALWAYS_SEARCH_USER_PATHS = NO;
				CLANG_ANALYZER_NONNULL = YES;
				CLANG_CXX_LANGUAGE_STANDARD = "gnu++0x";
				CLANG_CXX_LIBRARY = "libc++";
				CLANG_ENABLE_MODULES = YES;
				CLANG_ENABLE_OBJC_ARC = YES;
				CLANG_WARN_BOOL_CONVERSION = YES;
				CLANG_WARN_CONSTANT_CONVERSION = YES;
				CLANG_WARN_DIRECT_OBJC_ISA_USAGE = YES_ERROR;
				CLANG_WARN_DOCUMENTATION_COMMENTS = YES;
				CLANG_WARN_EMPTY_BODY = YES;
				CLANG_WARN_ENUM_CONVERSION = YES;
				CLANG_WARN_INFINITE_RECURSION = YES;
				CLANG_WARN_INT_CONVERSION = YES;
				CLANG_WARN_OBJC_ROOT_CLASS = YES_ERROR;
				CLANG_WARN_SUSPICIOUS_MOVE = YES;
				CLANG_WARN_UNREACHABLE_CODE = YES;
				CLANG_WARN__DUPLICATE_METHOD_MATCH = YES;
				"CODE_SIGN_IDENTITY[sdk=iphoneos*]" = "iPhone Developer";
				COPY_PHASE_STRIP = NO;
				DEBUG_INFORMATION_FORMAT = "dwarf-with-dsym";
				ENABLE_NS_ASSERTIONS = NO;
				ENABLE_STRICT_OBJC_MSGSEND = YES;
				GCC_C_LANGUAGE_STANDARD = gnu99;
				GCC_NO_COMMON_BLOCKS = YES;
				GCC_WARN_64_TO_32_BIT_CONVERSION = YES;
				GCC_WARN_ABOUT_RETURN_TYPE = YES_ERROR;
				GCC_WARN_UNDECLARED_SELECTOR = YES;
				GCC_WARN_UNINITIALIZED_AUTOS = YES_AGGRESSIVE;
				GCC_WARN_UNUSED_FUNCTION = YES;
				GCC_WARN_UNUSED_VARIABLE = YES;
				IPHONEOS_DEPLOYMENT_TARGET = 10.2;
				MTL_ENABLE_DEBUG_INFO = NO;
				SDKROOT = iphoneos;
				VALIDATE_PRODUCT = YES;
			};
			name = Release;
		};
		045391CE1E2F654000AF2259 /* Debug */ = {
			isa = XCBuildConfiguration;
			buildSettings = {
				ASSETCATALOG_COMPILER_APPICON_NAME = AppIcon;
				INFOPLIST_FILE = testXcode/Info.plist;
				LD_RUNPATH_SEARCH_PATHS = "$(inherited) @executable_path/Frameworks";
				PRODUCT_BUNDLE_IDENTIFIER = ddf.testXcode;
				PRODUCT_NAME = "$(TARGET_NAME)";
			};
			name = Debug;
		};
		045391CF1E2F654000AF2259 /* Release */ = {
			isa = XCBuildConfiguration;
			buildSettings = {
				ASSETCATALOG_COMPILER_APPICON_NAME = AppIcon;
				INFOPLIST_FILE = testXcode/Info.plist;
				LD_RUNPATH_SEARCH_PATHS = "$(inherited) @executable_path/Frameworks";
				PRODUCT_BUNDLE_IDENTIFIER = ddf.testXcode;
				PRODUCT_NAME = "$(TARGET_NAME)";
			};
			name = Release;
		};
		045391D11E2F654000AF2259 /* Debug */ = {
			isa = XCBuildConfiguration;
			buildSettings = {
				BUNDLE_LOADER = "$(TEST_HOST)";
				INFOPLIST_FILE = testXcodeTests/Info.plist;
				LD_RUNPATH_SEARCH_PATHS = "$(inherited) @executable_path/Frameworks @loader_path/Frameworks";
				PRODUCT_BUNDLE_IDENTIFIER = ddf.testXcodeTests;
				PRODUCT_NAME = "$(TARGET_NAME)";
				TEST_HOST = "$(BUILT_PRODUCTS_DIR)/testXcode.app/testXcode";
			};
			name = Debug;
		};
		045391D21E2F654000AF2259 /* Release */ = {
			isa = XCBuildConfiguration;
			buildSettings = {
				BUNDLE_LOADER = "$(TEST_HOST)";
				INFOPLIST_FILE = testXcodeTests/Info.plist;
				LD_RUNPATH_SEARCH_PATHS = "$(inherited) @executable_path/Frameworks @loader_path/Frameworks";
				PRODUCT_BUNDLE_IDENTIFIER = ddf.testXcodeTests;
				PRODUCT_NAME = "$(TARGET_NAME)";
				TEST_HOST = "$(BUILT_PRODUCTS_DIR)/testXcode.app/testXcode";
			};
			name = Release;
		};
		045391D41E2F654000AF2259 /* Debug */ = {
			isa = XCBuildConfiguration;
			buildSettings = {
				INFOPLIST_FILE = testXcodeUITests/Info.plist;
				LD_RUNPATH_SEARCH_PATHS = "$(inherited) @executable_path/Frameworks @loader_path/Frameworks";
				PRODUCT_BUNDLE_IDENTIFIER = ddf.testXcodeUITests;
				PRODUCT_NAME = "$(TARGET_NAME)";
				TEST_TARGET_NAME = testXcode;
			};
			name = Debug;
		};
		045391D51E2F654000AF2259 /* Release */ = {
			isa = XCBuildConfiguration;
			buildSettings = {
				INFOPLIST_FILE = testXcodeUITests/Info.plist;
				LD_RUNPATH_SEARCH_PATHS = "$(inherited) @executable_path/Frameworks @loader_path/Frameworks";
				PRODUCT_BUNDLE_IDENTIFIER = ddf.testXcodeUITests;
				PRODUCT_NAME = "$(TARGET_NAME)";
				TEST_TARGET_NAME = testXcode;
			};
			name = Release;
		};
/* End XCBuildConfiguration section */

/* Begin XCConfigurationList section */
		0453919B1E2F653F00AF2259 /* Build configuration list for PBXProject "testXcode" */ = {
			isa = XCConfigurationList;
			buildConfigurations = (
				045391CB1E2F654000AF2259 /* Debug */,
				045391CC1E2F654000AF2259 /* Release */,
			);
			defaultConfigurationIsVisible = 0;
			defaultConfigurationName = Release;
		};
		045391CD1E2F654000AF2259 /* Build configuration list for PBXNativeTarget "testXcode" */ = {
			isa = XCConfigurationList;
			buildConfigurations = (
				045391CE1E2F654000AF2259 /* Debug */,
				045391CF1E2F654000AF2259 /* Release */,
			);
			defaultConfigurationIsVisible = 0;
		};
		045391D01E2F654000AF2259 /* Build configuration list for PBXNativeTarget "testXcodeTests" */ = {
			isa = XCConfigurationList;
			buildConfigurations = (
				045391D11E2F654000AF2259 /* Debug */,
				045391D21E2F654000AF2259 /* Release */,
			);
			defaultConfigurationIsVisible = 0;
		};
		045391D31E2F654000AF2259 /* Build configuration list for PBXNativeTarget "testXcodeUITests" */ = {
			isa = XCConfigurationList;
			buildConfigurations = (
				045391D41E2F654000AF2259 /* Debug */,
				045391D51E2F654000AF2259 /* Release */,
			);
			defaultConfigurationIsVisible = 0;
		};
/* End XCConfigurationList section */
	};
	rootObject = 045391981E2F653F00AF2259 /* Project object */;
}
